
Microsoft Visual Studio Solution File, Format Version 12.00
# Visual Studio Version 17
VisualStudioVersion = 17.5.33424.131
MinimumVisualStudioVersion = 10.0.40219.1
Project("{FAE04EC0-301F-11D3-BF4B-00C04F79EFBC}") = "MVCUygulama_31032023", "MVCUygulama_31032023\MVCUygulama_31032023.csproj", "{FF84974D-646D-48A3-B36F-59539AAC292F}"
EndProject
Global
	GlobalSection(SolutionConfigurationPlatforms) = preSolution
		Debug|Any CPU = Debug|Any CPU
		Release|Any CPU = Release|Any CPU
	EndGlobalSection
	GlobalSection(ProjectConfigurationPlatforms) = postSolution
		{FF84974D-646D-48A3-B36F-59539AAC292F}.Debug|Any CPU.ActiveCfg = Debug|Any CPU
		{FF84974D-646D-48A3-B36F-59539AAC292F}.Debug|Any CPU.Build.0 = Debug|Any CPU
		{FF84974D-646D-48A3-B36F-59539AAC292F}.Release|Any CPU.ActiveCfg = Release|Any CPU
		{FF84974D-646D-48A3-B36F-59539AAC292F}.Release|Any CPU.Build.0 = Release|Any CPU
	EndGlobalSection
	GlobalSection(SolutionProperties) = preSolution
		HideSolutionNode = FALSE
	EndGlobalSection
	GlobalSection(ExtensibilityGlobals) = postSolution
		SolutionGuid = {DF5E715E-3CA2-4184-819F-99ABD13B75E9}
	EndGlobalSection
EndGlobal
